// !$*UTF8*$!
{
	archiveVersion = 1;
	classes = {
	};
	objectVersion = 56;
	objects = {

/* Begin PBXBuildFile section */
		7BAFAD5D294F727C00B2C10E /* alfred_managerApp.swift in Sources */ = {isa = PBXBuildFile; fileRef = 7BAFAD5C294F727C00B2C10E /* alfred_managerApp.swift */; };
		7BAFAD5F294F727C00B2C10E /* ContentView.swift in Sources */ = {isa = PBXBuildFile; fileRef = 7BAFAD5E294F727C00B2C10E /* ContentView.swift */; };
		7BAFAD61294F727D00B2C10E /* Assets.xcassets in Resources */ = {isa = PBXBuildFile; fileRef = 7BAFAD60294F727D00B2C10E /* Assets.xcassets */; };
		7BAFAD64294F727D00B2C10E /* Preview Assets.xcassets in Resources */ = {isa = PBXBuildFile; fileRef = 7BAFAD63294F727D00B2C10E /* Preview Assets.xcassets */; };
		7BAFAD6F294F727D00B2C10E /* alfred_managerTests.swift in Sources */ = {isa = PBXBuildFile; fileRef = 7BAFAD6E294F727D00B2C10E /* alfred_managerTests.swift */; };
		7BAFAD79294F727D00B2C10E /* alfred_managerUITests.swift in Sources */ = {isa = PBXBuildFile; fileRef = 7BAFAD78294F727D00B2C10E /* alfred_managerUITests.swift */; };
		7BAFAD7B294F727D00B2C10E /* alfred_managerUITestsLaunchTests.swift in Sources */ = {isa = PBXBuildFile; fileRef = 7BAFAD7A294F727D00B2C10E /* alfred_managerUITestsLaunchTests.swift */; };
		7BAFAD89294F753B00B2C10E /* Factory in Frameworks */ = {isa = PBXBuildFile; productRef = 7BAFAD88294F753B00B2C10E /* Factory */; };
		7BAFAD8E294F771300B2C10E /* InstallationSelectionViewModel.swift in Sources */ = {isa = PBXBuildFile; fileRef = 7BAFAD8D294F771300B2C10E /* InstallationSelectionViewModel.swift */; };
		7BAFAD90294F771C00B2C10E /* InstallationSelectionView.swift in Sources */ = {isa = PBXBuildFile; fileRef = 7BAFAD8F294F771C00B2C10E /* InstallationSelectionView.swift */; };
		7BAFAD92294F774500B2C10E /* InstallationSelectionContainer.swift in Sources */ = {isa = PBXBuildFile; fileRef = 7BAFAD91294F774500B2C10E /* InstallationSelectionContainer.swift */; };
		7BAFAD96294F78CD00B2C10E /* AlfredPathResolver.swift in Sources */ = {isa = PBXBuildFile; fileRef = 7BAFAD95294F78CD00B2C10E /* AlfredPathResolver.swift */; };
		7BAFAD99294F7C8E00B2C10E /* ViewModel.swift in Sources */ = {isa = PBXBuildFile; fileRef = 7BAFAD98294F7C8E00B2C10E /* ViewModel.swift */; };
		7BB240F429561C8200175C7A /* OnboardingView.swift in Sources */ = {isa = PBXBuildFile; fileRef = 7BB240F329561C8200175C7A /* OnboardingView.swift */; };
		7BF94C35294FB0C60022C944 /* SelectionView.swift in Sources */ = {isa = PBXBuildFile; fileRef = 7BF94C34294FB0C60022C944 /* SelectionView.swift */; };
		7BF94C3A294FBBD90022C944 /* InstallationSelectionViewModelTests.swift in Sources */ = {isa = PBXBuildFile; fileRef = 7BF94C39294FBBD90022C944 /* InstallationSelectionViewModelTests.swift */; };
		7BF94C3B294FBBDE0022C944 /* InstallationSelectionViewModel.swift in Sources */ = {isa = PBXBuildFile; fileRef = 7BAFAD8D294F771300B2C10E /* InstallationSelectionViewModel.swift */; };
		7BF94C3C294FBBE50022C944 /* ViewModel.swift in Sources */ = {isa = PBXBuildFile; fileRef = 7BAFAD98294F7C8E00B2C10E /* ViewModel.swift */; };
		7BF94C3D294FBC440022C944 /* InstallationSelectionContainer.swift in Sources */ = {isa = PBXBuildFile; fileRef = 7BAFAD91294F774500B2C10E /* InstallationSelectionContainer.swift */; };
		7BF94C3E294FBC4A0022C944 /* AlfredPathResolver.swift in Sources */ = {isa = PBXBuildFile; fileRef = 7BAFAD95294F78CD00B2C10E /* AlfredPathResolver.swift */; };
		7BF94C40294FBCAB0022C944 /* AlfredPathResolvingMock.swift in Sources */ = {isa = PBXBuildFile; fileRef = 7BF94C3F294FBCAB0022C944 /* AlfredPathResolvingMock.swift */; };
		7BF94C45294FC1B40022C944 /* AlfredPathResolverTests.swift in Sources */ = {isa = PBXBuildFile; fileRef = 7BF94C44294FC1B40022C944 /* AlfredPathResolverTests.swift */; };
		7BF94C49294FC1FE0022C944 /* InstallationSelectionContainerTests.swift in Sources */ = {isa = PBXBuildFile; fileRef = 7BF94C48294FC1FE0022C944 /* InstallationSelectionContainerTests.swift */; };
		7BF94C4B294FC6000022C944 /* FileManagerMock.swift in Sources */ = {isa = PBXBuildFile; fileRef = 7BF94C4A294FC6000022C944 /* FileManagerMock.swift */; };
		7BF94C4E295101C50022C944 /* PreferencesManager.swift in Sources */ = {isa = PBXBuildFile; fileRef = 7BF94C4D295101C50022C944 /* PreferencesManager.swift */; };
		7BF94C4F295107480022C944 /* PreferencesManager.swift in Sources */ = {isa = PBXBuildFile; fileRef = 7BF94C4D295101C50022C944 /* PreferencesManager.swift */; };
		7BF94C51295107830022C944 /* PreferencesManagingMock.swift in Sources */ = {isa = PBXBuildFile; fileRef = 7BF94C50295107830022C944 /* PreferencesManagingMock.swift */; };
		7BF94C54295109B90022C944 /* PreferencesManagerTests.swift in Sources */ = {isa = PBXBuildFile; fileRef = 7BF94C53295109B90022C944 /* PreferencesManagerTests.swift */; };
		E10CA88B29520DBB007DD9B1 /* RootViewModel.swift in Sources */ = {isa = PBXBuildFile; fileRef = E10CA88A29520DBB007DD9B1 /* RootViewModel.swift */; };
		E10CA88D29520DD2007DD9B1 /* RootViewContainer.swift in Sources */ = {isa = PBXBuildFile; fileRef = E10CA88C29520DD2007DD9B1 /* RootViewContainer.swift */; };
		E10CA88F29520DD9007DD9B1 /* RootView.swift in Sources */ = {isa = PBXBuildFile; fileRef = E10CA88E29520DD9007DD9B1 /* RootView.swift */; };
		E1B001D42954F23100433AF6 /* RootViewContainer.swift in Sources */ = {isa = PBXBuildFile; fileRef = E10CA88C29520DD2007DD9B1 /* RootViewContainer.swift */; };
		E1B001DA29560E0D00433AF6 /* OnboardingModal.swift in Sources */ = {isa = PBXBuildFile; fileRef = E1B001D929560E0D00433AF6 /* OnboardingModal.swift */; };
/* End PBXBuildFile section */

/* Begin PBXContainerItemProxy section */
		7BAFAD6B294F727D00B2C10E /* PBXContainerItemProxy */ = {
			isa = PBXContainerItemProxy;
			containerPortal = 7BAFAD51294F727C00B2C10E /* Project object */;
			proxyType = 1;
			remoteGlobalIDString = 7BAFAD58294F727C00B2C10E;
			remoteInfo = "alfred-manager";
		};
		7BAFAD75294F727D00B2C10E /* PBXContainerItemProxy */ = {
			isa = PBXContainerItemProxy;
			containerPortal = 7BAFAD51294F727C00B2C10E /* Project object */;
			proxyType = 1;
			remoteGlobalIDString = 7BAFAD58294F727C00B2C10E;
			remoteInfo = "alfred-manager";
		};
/* End PBXContainerItemProxy section */

/* Begin PBXFileReference section */
		7BAFAD59294F727C00B2C10E /* alfred-manager.app */ = {isa = PBXFileReference; explicitFileType = wrapper.application; includeInIndex = 0; path = "alfred-manager.app"; sourceTree = BUILT_PRODUCTS_DIR; };
		7BAFAD5C294F727C00B2C10E /* alfred_managerApp.swift */ = {isa = PBXFileReference; lastKnownFileType = sourcecode.swift; path = alfred_managerApp.swift; sourceTree = "<group>"; };
		7BAFAD5E294F727C00B2C10E /* ContentView.swift */ = {isa = PBXFileReference; lastKnownFileType = sourcecode.swift; path = ContentView.swift; sourceTree = "<group>"; };
		7BAFAD60294F727D00B2C10E /* Assets.xcassets */ = {isa = PBXFileReference; lastKnownFileType = folder.assetcatalog; path = Assets.xcassets; sourceTree = "<group>"; };
		7BAFAD63294F727D00B2C10E /* Preview Assets.xcassets */ = {isa = PBXFileReference; lastKnownFileType = folder.assetcatalog; path = "Preview Assets.xcassets"; sourceTree = "<group>"; };
		7BAFAD65294F727D00B2C10E /* alfred_manager.entitlements */ = {isa = PBXFileReference; lastKnownFileType = text.plist.entitlements; path = alfred_manager.entitlements; sourceTree = "<group>"; };
		7BAFAD6A294F727D00B2C10E /* alfred-managerTests.xctest */ = {isa = PBXFileReference; explicitFileType = wrapper.cfbundle; includeInIndex = 0; path = "alfred-managerTests.xctest"; sourceTree = BUILT_PRODUCTS_DIR; };
		7BAFAD6E294F727D00B2C10E /* alfred_managerTests.swift */ = {isa = PBXFileReference; lastKnownFileType = sourcecode.swift; path = alfred_managerTests.swift; sourceTree = "<group>"; };
		7BAFAD74294F727D00B2C10E /* alfred-managerUITests.xctest */ = {isa = PBXFileReference; explicitFileType = wrapper.cfbundle; includeInIndex = 0; path = "alfred-managerUITests.xctest"; sourceTree = BUILT_PRODUCTS_DIR; };
		7BAFAD78294F727D00B2C10E /* alfred_managerUITests.swift */ = {isa = PBXFileReference; lastKnownFileType = sourcecode.swift; path = alfred_managerUITests.swift; sourceTree = "<group>"; };
		7BAFAD7A294F727D00B2C10E /* alfred_managerUITestsLaunchTests.swift */ = {isa = PBXFileReference; lastKnownFileType = sourcecode.swift; path = alfred_managerUITestsLaunchTests.swift; sourceTree = "<group>"; };
		7BAFAD8D294F771300B2C10E /* InstallationSelectionViewModel.swift */ = {isa = PBXFileReference; lastKnownFileType = sourcecode.swift; path = InstallationSelectionViewModel.swift; sourceTree = "<group>"; };
		7BAFAD8F294F771C00B2C10E /* InstallationSelectionView.swift */ = {isa = PBXFileReference; lastKnownFileType = sourcecode.swift; path = InstallationSelectionView.swift; sourceTree = "<group>"; };
		7BAFAD91294F774500B2C10E /* InstallationSelectionContainer.swift */ = {isa = PBXFileReference; lastKnownFileType = sourcecode.swift; path = InstallationSelectionContainer.swift; sourceTree = "<group>"; };
		7BAFAD95294F78CD00B2C10E /* AlfredPathResolver.swift */ = {isa = PBXFileReference; lastKnownFileType = sourcecode.swift; path = AlfredPathResolver.swift; sourceTree = "<group>"; };
		7BAFAD98294F7C8E00B2C10E /* ViewModel.swift */ = {isa = PBXFileReference; lastKnownFileType = sourcecode.swift; path = ViewModel.swift; sourceTree = "<group>"; };
		7BB240F329561C8200175C7A /* OnboardingView.swift */ = {isa = PBXFileReference; lastKnownFileType = sourcecode.swift; path = OnboardingView.swift; sourceTree = "<group>"; };
		7BF94C34294FB0C60022C944 /* SelectionView.swift */ = {isa = PBXFileReference; lastKnownFileType = sourcecode.swift; path = SelectionView.swift; sourceTree = "<group>"; };
		7BF94C39294FBBD90022C944 /* InstallationSelectionViewModelTests.swift */ = {isa = PBXFileReference; lastKnownFileType = sourcecode.swift; path = InstallationSelectionViewModelTests.swift; sourceTree = "<group>"; };
		7BF94C3F294FBCAB0022C944 /* AlfredPathResolvingMock.swift */ = {isa = PBXFileReference; lastKnownFileType = sourcecode.swift; path = AlfredPathResolvingMock.swift; sourceTree = "<group>"; };
		7BF94C44294FC1B40022C944 /* AlfredPathResolverTests.swift */ = {isa = PBXFileReference; lastKnownFileType = sourcecode.swift; path = AlfredPathResolverTests.swift; sourceTree = "<group>"; };
		7BF94C48294FC1FE0022C944 /* InstallationSelectionContainerTests.swift */ = {isa = PBXFileReference; lastKnownFileType = sourcecode.swift; path = InstallationSelectionContainerTests.swift; sourceTree = "<group>"; };
		7BF94C4A294FC6000022C944 /* FileManagerMock.swift */ = {isa = PBXFileReference; lastKnownFileType = sourcecode.swift; path = FileManagerMock.swift; sourceTree = "<group>"; };
		7BF94C4D295101C50022C944 /* PreferencesManager.swift */ = {isa = PBXFileReference; lastKnownFileType = sourcecode.swift; path = PreferencesManager.swift; sourceTree = "<group>"; };
		7BF94C50295107830022C944 /* PreferencesManagingMock.swift */ = {isa = PBXFileReference; lastKnownFileType = sourcecode.swift; path = PreferencesManagingMock.swift; sourceTree = "<group>"; };
		7BF94C53295109B90022C944 /* PreferencesManagerTests.swift */ = {isa = PBXFileReference; lastKnownFileType = sourcecode.swift; path = PreferencesManagerTests.swift; sourceTree = "<group>"; };
		E10CA88A29520DBB007DD9B1 /* RootViewModel.swift */ = {isa = PBXFileReference; lastKnownFileType = sourcecode.swift; path = RootViewModel.swift; sourceTree = "<group>"; };
		E10CA88C29520DD2007DD9B1 /* RootViewContainer.swift */ = {isa = PBXFileReference; lastKnownFileType = sourcecode.swift; path = RootViewContainer.swift; sourceTree = "<group>"; };
		E10CA88E29520DD9007DD9B1 /* RootView.swift */ = {isa = PBXFileReference; lastKnownFileType = sourcecode.swift; path = RootView.swift; sourceTree = "<group>"; };
		E1B001D929560E0D00433AF6 /* OnboardingModal.swift */ = {isa = PBXFileReference; lastKnownFileType = sourcecode.swift; path = OnboardingModal.swift; sourceTree = "<group>"; };
/* End PBXFileReference section */

/* Begin PBXFrameworksBuildPhase section */
		7BAFAD56294F727C00B2C10E /* Frameworks */ = {
			isa = PBXFrameworksBuildPhase;
			buildActionMask = 2147483647;
			files = (
				7BAFAD89294F753B00B2C10E /* Factory in Frameworks */,
			);
			runOnlyForDeploymentPostprocessing = 0;
		};
		7BAFAD67294F727D00B2C10E /* Frameworks */ = {
			isa = PBXFrameworksBuildPhase;
			buildActionMask = 2147483647;
			files = (
			);
			runOnlyForDeploymentPostprocessing = 0;
		};
		7BAFAD71294F727D00B2C10E /* Frameworks */ = {
			isa = PBXFrameworksBuildPhase;
			buildActionMask = 2147483647;
			files = (
			);
			runOnlyForDeploymentPostprocessing = 0;
		};
/* End PBXFrameworksBuildPhase section */

/* Begin PBXGroup section */
		7BAFAD50294F727C00B2C10E = {
			isa = PBXGroup;
			children = (
				7BAFAD5B294F727C00B2C10E /* alfred-manager */,
				7BAFAD6D294F727D00B2C10E /* alfred-managerTests */,
				7BAFAD77294F727D00B2C10E /* alfred-managerUITests */,
				7BAFAD5A294F727C00B2C10E /* Products */,
			);
			sourceTree = "<group>";
		};
		7BAFAD5A294F727C00B2C10E /* Products */ = {
			isa = PBXGroup;
			children = (
				7BAFAD59294F727C00B2C10E /* alfred-manager.app */,
				7BAFAD6A294F727D00B2C10E /* alfred-managerTests.xctest */,
				7BAFAD74294F727D00B2C10E /* alfred-managerUITests.xctest */,
			);
			name = Products;
			sourceTree = "<group>";
		};
		7BAFAD5B294F727C00B2C10E /* alfred-manager */ = {
			isa = PBXGroup;
			children = (
				E10CA88929520DAC007DD9B1 /* RootView */,
				7BAFAD97294F7C8500B2C10E /* Core */,
				7BF94C32294FB07D0022C944 /* Shared */,
				7BAFAD8A294F76BF00B2C10E /* Features */,
				7BAFAD5C294F727C00B2C10E /* alfred_managerApp.swift */,
				7BAFAD5E294F727C00B2C10E /* ContentView.swift */,
				7BAFAD60294F727D00B2C10E /* Assets.xcassets */,
				7BAFAD65294F727D00B2C10E /* alfred_manager.entitlements */,
				7BAFAD62294F727D00B2C10E /* Preview Content */,
			);
			path = "alfred-manager";
			sourceTree = "<group>";
		};
		7BAFAD62294F727D00B2C10E /* Preview Content */ = {
			isa = PBXGroup;
			children = (
				7BAFAD63294F727D00B2C10E /* Preview Assets.xcassets */,
			);
			path = "Preview Content";
			sourceTree = "<group>";
		};
		7BAFAD6D294F727D00B2C10E /* alfred-managerTests */ = {
			isa = PBXGroup;
			children = (
				7BF94C37294FBBBC0022C944 /* Features */,
				7BAFAD6E294F727D00B2C10E /* alfred_managerTests.swift */,
			);
			path = "alfred-managerTests";
			sourceTree = "<group>";
		};
		7BAFAD77294F727D00B2C10E /* alfred-managerUITests */ = {
			isa = PBXGroup;
			children = (
				7BAFAD78294F727D00B2C10E /* alfred_managerUITests.swift */,
				7BAFAD7A294F727D00B2C10E /* alfred_managerUITestsLaunchTests.swift */,
			);
			path = "alfred-managerUITests";
			sourceTree = "<group>";
		};
		7BAFAD8A294F76BF00B2C10E /* Features */ = {
			isa = PBXGroup;
			children = (
				E1B001D529560DDF00433AF6 /* Onboarding */,
				7BF94C4C295101B80022C944 /* Storage */,
				7BAFAD93294F788700B2C10E /* Filesystem */,
				7BAFAD8B294F76D500B2C10E /* InstallationSelection */,
			);
			path = Features;
			sourceTree = "<group>";
		};
		7BAFAD8B294F76D500B2C10E /* InstallationSelection */ = {
			isa = PBXGroup;
			children = (
				7BAFAD8C294F76DD00B2C10E /* Views */,
				7BAFAD8D294F771300B2C10E /* InstallationSelectionViewModel.swift */,
				7BAFAD91294F774500B2C10E /* InstallationSelectionContainer.swift */,
			);
			path = InstallationSelection;
			sourceTree = "<group>";
		};
		7BAFAD8C294F76DD00B2C10E /* Views */ = {
			isa = PBXGroup;
			children = (
				7BAFAD8F294F771C00B2C10E /* InstallationSelectionView.swift */,
			);
			path = Views;
			sourceTree = "<group>";
		};
		7BAFAD93294F788700B2C10E /* Filesystem */ = {
			isa = PBXGroup;
			children = (
				7BAFAD94294F788D00B2C10E /* Alfred */,
			);
			path = Filesystem;
			sourceTree = "<group>";
		};
		7BAFAD94294F788D00B2C10E /* Alfred */ = {
			isa = PBXGroup;
			children = (
				7BAFAD95294F78CD00B2C10E /* AlfredPathResolver.swift */,
			);
			path = Alfred;
			sourceTree = "<group>";
		};
		7BAFAD97294F7C8500B2C10E /* Core */ = {
			isa = PBXGroup;
			children = (
				7BAFAD98294F7C8E00B2C10E /* ViewModel.swift */,
			);
			path = Core;
			sourceTree = "<group>";
		};
		7BF94C32294FB07D0022C944 /* Shared */ = {
			isa = PBXGroup;
			children = (
				7BF94C33294FB0880022C944 /* Views */,
			);
			path = Shared;
			sourceTree = "<group>";
		};
		7BF94C33294FB0880022C944 /* Views */ = {
			isa = PBXGroup;
			children = (
				7BF94C36294FB6810022C944 /* SelectionView */,
			);
			path = Views;
			sourceTree = "<group>";
		};
		7BF94C36294FB6810022C944 /* SelectionView */ = {
			isa = PBXGroup;
			children = (
				7BF94C34294FB0C60022C944 /* SelectionView.swift */,
			);
			path = SelectionView;
			sourceTree = "<group>";
		};
		7BF94C37294FBBBC0022C944 /* Features */ = {
			isa = PBXGroup;
			children = (
				7BF94C52295109A80022C944 /* Storage */,
				7BF94C42294FC19F0022C944 /* Filesystem */,
				7BF94C38294FBBC30022C944 /* InstallationSelection */,
			);
			path = Features;
			sourceTree = "<group>";
		};
		7BF94C38294FBBC30022C944 /* InstallationSelection */ = {
			isa = PBXGroup;
			children = (
				7BF94C39294FBBD90022C944 /* InstallationSelectionViewModelTests.swift */,
				7BF94C3F294FBCAB0022C944 /* AlfredPathResolvingMock.swift */,
				7BF94C48294FC1FE0022C944 /* InstallationSelectionContainerTests.swift */,
				7BF94C50295107830022C944 /* PreferencesManagingMock.swift */,
			);
			path = InstallationSelection;
			sourceTree = "<group>";
		};
		7BF94C42294FC19F0022C944 /* Filesystem */ = {
			isa = PBXGroup;
			children = (
				7BF94C43294FC1A50022C944 /* Alfred */,
			);
			path = Filesystem;
			sourceTree = "<group>";
		};
		7BF94C43294FC1A50022C944 /* Alfred */ = {
			isa = PBXGroup;
			children = (
				7BF94C44294FC1B40022C944 /* AlfredPathResolverTests.swift */,
				7BF94C4A294FC6000022C944 /* FileManagerMock.swift */,
			);
			path = Alfred;
			sourceTree = "<group>";
		};
		7BF94C4C295101B80022C944 /* Storage */ = {
			isa = PBXGroup;
			children = (
				7BF94C4D295101C50022C944 /* PreferencesManager.swift */,
			);
			path = Storage;
			sourceTree = "<group>";
		};
		7BF94C52295109A80022C944 /* Storage */ = {
			isa = PBXGroup;
			children = (
				7BF94C53295109B90022C944 /* PreferencesManagerTests.swift */,
			);
			path = Storage;
			sourceTree = "<group>";
		};
		E10CA88929520DAC007DD9B1 /* RootView */ = {
			isa = PBXGroup;
			children = (
				E10CA88A29520DBB007DD9B1 /* RootViewModel.swift */,
				E10CA88C29520DD2007DD9B1 /* RootViewContainer.swift */,
				E10CA88E29520DD9007DD9B1 /* RootView.swift */,
			);
			path = RootView;
			sourceTree = "<group>";
		};
		E1B001D529560DDF00433AF6 /* Onboarding */ = {
			isa = PBXGroup;
			children = (
				E1B001D829560E0300433AF6 /* Views */,
			);
			path = Onboarding;
			sourceTree = "<group>";
		};
		E1B001D829560E0300433AF6 /* Views */ = {
			isa = PBXGroup;
			children = (
				E1B001D929560E0D00433AF6 /* OnboardingModal.swift */,
				7BB240F329561C8200175C7A /* OnboardingView.swift */,
			);
			path = Views;
			sourceTree = "<group>";
		};
/* End PBXGroup section */

/* Begin PBXNativeTarget section */
		7BAFAD58294F727C00B2C10E /* alfred-manager */ = {
			isa = PBXNativeTarget;
			buildConfigurationList = 7BAFAD7E294F727D00B2C10E /* Build configuration list for PBXNativeTarget "alfred-manager" */;
			buildPhases = (
				7BAFAD55294F727C00B2C10E /* Sources */,
				7BAFAD56294F727C00B2C10E /* Frameworks */,
				7BAFAD57294F727C00B2C10E /* Resources */,
			);
			buildRules = (
			);
			dependencies = (
			);
			name = "alfred-manager";
			packageProductDependencies = (
				7BAFAD88294F753B00B2C10E /* Factory */,
			);
			productName = "alfred-manager";
			productReference = 7BAFAD59294F727C00B2C10E /* alfred-manager.app */;
			productType = "com.apple.product-type.application";
		};
		7BAFAD69294F727D00B2C10E /* alfred-managerTests */ = {
			isa = PBXNativeTarget;
			buildConfigurationList = 7BAFAD81294F727D00B2C10E /* Build configuration list for PBXNativeTarget "alfred-managerTests" */;
			buildPhases = (
				7BAFAD66294F727D00B2C10E /* Sources */,
				7BAFAD67294F727D00B2C10E /* Frameworks */,
				7BAFAD68294F727D00B2C10E /* Resources */,
			);
			buildRules = (
			);
			dependencies = (
				7BAFAD6C294F727D00B2C10E /* PBXTargetDependency */,
			);
			name = "alfred-managerTests";
			productName = "alfred-managerTests";
			productReference = 7BAFAD6A294F727D00B2C10E /* alfred-managerTests.xctest */;
			productType = "com.apple.product-type.bundle.unit-test";
		};
		7BAFAD73294F727D00B2C10E /* alfred-managerUITests */ = {
			isa = PBXNativeTarget;
			buildConfigurationList = 7BAFAD84294F727D00B2C10E /* Build configuration list for PBXNativeTarget "alfred-managerUITests" */;
			buildPhases = (
				7BAFAD70294F727D00B2C10E /* Sources */,
				7BAFAD71294F727D00B2C10E /* Frameworks */,
				7BAFAD72294F727D00B2C10E /* Resources */,
			);
			buildRules = (
			);
			dependencies = (
				7BAFAD76294F727D00B2C10E /* PBXTargetDependency */,
			);
			name = "alfred-managerUITests";
			productName = "alfred-managerUITests";
			productReference = 7BAFAD74294F727D00B2C10E /* alfred-managerUITests.xctest */;
			productType = "com.apple.product-type.bundle.ui-testing";
		};
/* End PBXNativeTarget section */

/* Begin PBXProject section */
		7BAFAD51294F727C00B2C10E /* Project object */ = {
			isa = PBXProject;
			attributes = {
				BuildIndependentTargetsInParallel = 1;
				LastSwiftUpdateCheck = 1410;
				LastUpgradeCheck = 1410;
				TargetAttributes = {
					7BAFAD58294F727C00B2C10E = {
						CreatedOnToolsVersion = 14.1;
					};
					7BAFAD69294F727D00B2C10E = {
						CreatedOnToolsVersion = 14.1;
						TestTargetID = 7BAFAD58294F727C00B2C10E;
					};
					7BAFAD73294F727D00B2C10E = {
						CreatedOnToolsVersion = 14.1;
						TestTargetID = 7BAFAD58294F727C00B2C10E;
					};
				};
			};
			buildConfigurationList = 7BAFAD54294F727C00B2C10E /* Build configuration list for PBXProject "alfred-manager" */;
			compatibilityVersion = "Xcode 14.0";
			developmentRegion = en;
			hasScannedForEncodings = 0;
			knownRegions = (
				en,
				Base,
			);
			mainGroup = 7BAFAD50294F727C00B2C10E;
			packageReferences = (
				7BAFAD87294F753B00B2C10E /* XCRemoteSwiftPackageReference "Factory" */,
			);
			productRefGroup = 7BAFAD5A294F727C00B2C10E /* Products */;
			projectDirPath = "";
			projectRoot = "";
			targets = (
				7BAFAD58294F727C00B2C10E /* alfred-manager */,
				7BAFAD69294F727D00B2C10E /* alfred-managerTests */,
				7BAFAD73294F727D00B2C10E /* alfred-managerUITests */,
			);
		};
/* End PBXProject section */

/* Begin PBXResourcesBuildPhase section */
		7BAFAD57294F727C00B2C10E /* Resources */ = {
			isa = PBXResourcesBuildPhase;
			buildActionMask = 2147483647;
			files = (
				7BAFAD64294F727D00B2C10E /* Preview Assets.xcassets in Resources */,
				7BAFAD61294F727D00B2C10E /* Assets.xcassets in Resources */,
			);
			runOnlyForDeploymentPostprocessing = 0;
		};
		7BAFAD68294F727D00B2C10E /* Resources */ = {
			isa = PBXResourcesBuildPhase;
			buildActionMask = 2147483647;
			files = (
			);
			runOnlyForDeploymentPostprocessing = 0;
		};
		7BAFAD72294F727D00B2C10E /* Resources */ = {
			isa = PBXResourcesBuildPhase;
			buildActionMask = 2147483647;
			files = (
			);
			runOnlyForDeploymentPostprocessing = 0;
		};
/* End PBXResourcesBuildPhase section */

/* Begin PBXSourcesBuildPhase section */
		7BAFAD55294F727C00B2C10E /* Sources */ = {
			isa = PBXSourcesBuildPhase;
			buildActionMask = 2147483647;
			files = (
				E10CA88B29520DBB007DD9B1 /* RootViewModel.swift in Sources */,
				7BAFAD90294F771C00B2C10E /* InstallationSelectionView.swift in Sources */,
				7BAFAD92294F774500B2C10E /* InstallationSelectionContainer.swift in Sources */,
				7BAFAD96294F78CD00B2C10E /* AlfredPathResolver.swift in Sources */,
				7BAFAD5F294F727C00B2C10E /* ContentView.swift in Sources */,
				E10CA88D29520DD2007DD9B1 /* RootViewContainer.swift in Sources */,
				7BAFAD8E294F771300B2C10E /* InstallationSelectionViewModel.swift in Sources */,
				7BAFAD5D294F727C00B2C10E /* alfred_managerApp.swift in Sources */,
				E10CA88F29520DD9007DD9B1 /* RootView.swift in Sources */,
				7BF94C4E295101C50022C944 /* PreferencesManager.swift in Sources */,
				7BAFAD99294F7C8E00B2C10E /* ViewModel.swift in Sources */,
				E1B001DA29560E0D00433AF6 /* OnboardingModal.swift in Sources */,
				7BF94C35294FB0C60022C944 /* SelectionView.swift in Sources */,
				7BB240F429561C8200175C7A /* OnboardingView.swift in Sources */,
			);
			runOnlyForDeploymentPostprocessing = 0;
		};
		7BAFAD66294F727D00B2C10E /* Sources */ = {
			isa = PBXSourcesBuildPhase;
			buildActionMask = 2147483647;
			files = (
				7BF94C45294FC1B40022C944 /* AlfredPathResolverTests.swift in Sources */,
				7BAFAD6F294F727D00B2C10E /* alfred_managerTests.swift in Sources */,
				7BF94C3D294FBC440022C944 /* InstallationSelectionContainer.swift in Sources */,
				7BF94C4F295107480022C944 /* PreferencesManager.swift in Sources */,
				7BF94C54295109B90022C944 /* PreferencesManagerTests.swift in Sources */,
				7BF94C3E294FBC4A0022C944 /* AlfredPathResolver.swift in Sources */,
				7BF94C40294FBCAB0022C944 /* AlfredPathResolvingMock.swift in Sources */,
				7BF94C3B294FBBDE0022C944 /* InstallationSelectionViewModel.swift in Sources */,
				E1B001D42954F23100433AF6 /* RootViewContainer.swift in Sources */,
				7BF94C3C294FBBE50022C944 /* ViewModel.swift in Sources */,
				7BF94C49294FC1FE0022C944 /* InstallationSelectionContainerTests.swift in Sources */,
				7BF94C3A294FBBD90022C944 /* InstallationSelectionViewModelTests.swift in Sources */,
				7BF94C51295107830022C944 /* PreferencesManagingMock.swift in Sources */,
				7BF94C4B294FC6000022C944 /* FileManagerMock.swift in Sources */,
			);
			runOnlyForDeploymentPostprocessing = 0;
		};
		7BAFAD70294F727D00B2C10E /* Sources */ = {
			isa = PBXSourcesBuildPhase;
			buildActionMask = 2147483647;
			files = (
				7BAFAD7B294F727D00B2C10E /* alfred_managerUITestsLaunchTests.swift in Sources */,
				7BAFAD79294F727D00B2C10E /* alfred_managerUITests.swift in Sources */,
			);
			runOnlyForDeploymentPostprocessing = 0;
		};
/* End PBXSourcesBuildPhase section */

/* Begin PBXTargetDependency section */
		7BAFAD6C294F727D00B2C10E /* PBXTargetDependency */ = {
			isa = PBXTargetDependency;
			target = 7BAFAD58294F727C00B2C10E /* alfred-manager */;
			targetProxy = 7BAFAD6B294F727D00B2C10E /* PBXContainerItemProxy */;
		};
		7BAFAD76294F727D00B2C10E /* PBXTargetDependency */ = {
			isa = PBXTargetDependency;
			target = 7BAFAD58294F727C00B2C10E /* alfred-manager */;
			targetProxy = 7BAFAD75294F727D00B2C10E /* PBXContainerItemProxy */;
		};
/* End PBXTargetDependency section */

/* Begin XCBuildConfiguration section */
		7BAFAD7C294F727D00B2C10E /* Debug */ = {
			isa = XCBuildConfiguration;
			buildSettings = {
				ALWAYS_SEARCH_USER_PATHS = NO;
				CLANG_ANALYZER_NONNULL = YES;
				CLANG_ANALYZER_NUMBER_OBJECT_CONVERSION = YES_AGGRESSIVE;
				CLANG_CXX_LANGUAGE_STANDARD = "gnu++20";
				CLANG_ENABLE_MODULES = YES;
				CLANG_ENABLE_OBJC_ARC = YES;
				CLANG_ENABLE_OBJC_WEAK = YES;
				CLANG_WARN_BLOCK_CAPTURE_AUTORELEASING = YES;
				CLANG_WARN_BOOL_CONVERSION = YES;
				CLANG_WARN_COMMA = YES;
				CLANG_WARN_CONSTANT_CONVERSION = YES;
				CLANG_WARN_DEPRECATED_OBJC_IMPLEMENTATIONS = YES;
				CLANG_WARN_DIRECT_OBJC_ISA_USAGE = YES_ERROR;
				CLANG_WARN_DOCUMENTATION_COMMENTS = YES;
				CLANG_WARN_EMPTY_BODY = YES;
				CLANG_WARN_ENUM_CONVERSION = YES;
				CLANG_WARN_INFINITE_RECURSION = YES;
				CLANG_WARN_INT_CONVERSION = YES;
				CLANG_WARN_NON_LITERAL_NULL_CONVERSION = YES;
				CLANG_WARN_OBJC_IMPLICIT_RETAIN_SELF = YES;
				CLANG_WARN_OBJC_LITERAL_CONVERSION = YES;
				CLANG_WARN_OBJC_ROOT_CLASS = YES_ERROR;
				CLANG_WARN_QUOTED_INCLUDE_IN_FRAMEWORK_HEADER = YES;
				CLANG_WARN_RANGE_LOOP_ANALYSIS = YES;
				CLANG_WARN_STRICT_PROTOTYPES = YES;
				CLANG_WARN_SUSPICIOUS_MOVE = YES;
				CLANG_WARN_UNGUARDED_AVAILABILITY = YES_AGGRESSIVE;
				CLANG_WARN_UNREACHABLE_CODE = YES;
				CLANG_WARN__DUPLICATE_METHOD_MATCH = YES;
				COPY_PHASE_STRIP = NO;
				DEBUG_INFORMATION_FORMAT = dwarf;
				ENABLE_STRICT_OBJC_MSGSEND = YES;
				ENABLE_TESTABILITY = YES;
				GCC_C_LANGUAGE_STANDARD = gnu11;
				GCC_DYNAMIC_NO_PIC = NO;
				GCC_NO_COMMON_BLOCKS = YES;
				GCC_OPTIMIZATION_LEVEL = 0;
				GCC_PREPROCESSOR_DEFINITIONS = (
					"DEBUG=1",
					"$(inherited)",
				);
				GCC_WARN_64_TO_32_BIT_CONVERSION = YES;
				GCC_WARN_ABOUT_RETURN_TYPE = YES_ERROR;
				GCC_WARN_UNDECLARED_SELECTOR = YES;
				GCC_WARN_UNINITIALIZED_AUTOS = YES_AGGRESSIVE;
				GCC_WARN_UNUSED_FUNCTION = YES;
				GCC_WARN_UNUSED_VARIABLE = YES;
				MACOSX_DEPLOYMENT_TARGET = 13.0;
				MTL_ENABLE_DEBUG_INFO = INCLUDE_SOURCE;
				MTL_FAST_MATH = YES;
				ONLY_ACTIVE_ARCH = YES;
				SDKROOT = macosx;
				SWIFT_ACTIVE_COMPILATION_CONDITIONS = DEBUG;
				SWIFT_OPTIMIZATION_LEVEL = "-Onone";
			};
			name = Debug;
		};
		7BAFAD7D294F727D00B2C10E /* Release */ = {
			isa = XCBuildConfiguration;
			buildSettings = {
				ALWAYS_SEARCH_USER_PATHS = NO;
				CLANG_ANALYZER_NONNULL = YES;
				CLANG_ANALYZER_NUMBER_OBJECT_CONVERSION = YES_AGGRESSIVE;
				CLANG_CXX_LANGUAGE_STANDARD = "gnu++20";
				CLANG_ENABLE_MODULES = YES;
				CLANG_ENABLE_OBJC_ARC = YES;
				CLANG_ENABLE_OBJC_WEAK = YES;
				CLANG_WARN_BLOCK_CAPTURE_AUTORELEASING = YES;
				CLANG_WARN_BOOL_CONVERSION = YES;
				CLANG_WARN_COMMA = YES;
				CLANG_WARN_CONSTANT_CONVERSION = YES;
				CLANG_WARN_DEPRECATED_OBJC_IMPLEMENTATIONS = YES;
				CLANG_WARN_DIRECT_OBJC_ISA_USAGE = YES_ERROR;
				CLANG_WARN_DOCUMENTATION_COMMENTS = YES;
				CLANG_WARN_EMPTY_BODY = YES;
				CLANG_WARN_ENUM_CONVERSION = YES;
				CLANG_WARN_INFINITE_RECURSION = YES;
				CLANG_WARN_INT_CONVERSION = YES;
				CLANG_WARN_NON_LITERAL_NULL_CONVERSION = YES;
				CLANG_WARN_OBJC_IMPLICIT_RETAIN_SELF = YES;
				CLANG_WARN_OBJC_LITERAL_CONVERSION = YES;
				CLANG_WARN_OBJC_ROOT_CLASS = YES_ERROR;
				CLANG_WARN_QUOTED_INCLUDE_IN_FRAMEWORK_HEADER = YES;
				CLANG_WARN_RANGE_LOOP_ANALYSIS = YES;
				CLANG_WARN_STRICT_PROTOTYPES = YES;
				CLANG_WARN_SUSPICIOUS_MOVE = YES;
				CLANG_WARN_UNGUARDED_AVAILABILITY = YES_AGGRESSIVE;
				CLANG_WARN_UNREACHABLE_CODE = YES;
				CLANG_WARN__DUPLICATE_METHOD_MATCH = YES;
				COPY_PHASE_STRIP = NO;
				DEBUG_INFORMATION_FORMAT = "dwarf-with-dsym";
				ENABLE_NS_ASSERTIONS = NO;
				ENABLE_STRICT_OBJC_MSGSEND = YES;
				GCC_C_LANGUAGE_STANDARD = gnu11;
				GCC_NO_COMMON_BLOCKS = YES;
				GCC_WARN_64_TO_32_BIT_CONVERSION = YES;
				GCC_WARN_ABOUT_RETURN_TYPE = YES_ERROR;
				GCC_WARN_UNDECLARED_SELECTOR = YES;
				GCC_WARN_UNINITIALIZED_AUTOS = YES_AGGRESSIVE;
				GCC_WARN_UNUSED_FUNCTION = YES;
				GCC_WARN_UNUSED_VARIABLE = YES;
				MACOSX_DEPLOYMENT_TARGET = 13.0;
				MTL_ENABLE_DEBUG_INFO = NO;
				MTL_FAST_MATH = YES;
				SDKROOT = macosx;
				SWIFT_COMPILATION_MODE = wholemodule;
				SWIFT_OPTIMIZATION_LEVEL = "-O";
			};
			name = Release;
		};
		7BAFAD7F294F727D00B2C10E /* Debug */ = {
			isa = XCBuildConfiguration;
			buildSettings = {
				ASSETCATALOG_COMPILER_APPICON_NAME = AppIcon;
				ASSETCATALOG_COMPILER_GLOBAL_ACCENT_COLOR_NAME = AccentColor;
				CODE_SIGN_ENTITLEMENTS = "alfred-manager/alfred_manager.entitlements";
				CODE_SIGN_STYLE = Automatic;
				COMBINE_HIDPI_IMAGES = YES;
				CURRENT_PROJECT_VERSION = 1;
				DEVELOPMENT_ASSET_PATHS = "\"alfred-manager/Preview Content\"";
				DEVELOPMENT_TEAM = QVGYT9HZ7J;
				ENABLE_HARDENED_RUNTIME = YES;
				ENABLE_PREVIEWS = YES;
				GENERATE_INFOPLIST_FILE = YES;
				INFOPLIST_KEY_NSHumanReadableCopyright = "";
				LD_RUNPATH_SEARCH_PATHS = (
					"$(inherited)",
					"@executable_path/../Frameworks",
				);
				MARKETING_VERSION = 1.0;
				PRODUCT_BUNDLE_IDENTIFIER = "dev.jille.alfred-manager";
				PRODUCT_NAME = "$(TARGET_NAME)";
				SWIFT_EMIT_LOC_STRINGS = YES;
				SWIFT_VERSION = 5.0;
			};
			name = Debug;
		};
		7BAFAD80294F727D00B2C10E /* Release */ = {
			isa = XCBuildConfiguration;
			buildSettings = {
				ASSETCATALOG_COMPILER_APPICON_NAME = AppIcon;
				ASSETCATALOG_COMPILER_GLOBAL_ACCENT_COLOR_NAME = AccentColor;
				CODE_SIGN_ENTITLEMENTS = "alfred-manager/alfred_manager.entitlements";
				CODE_SIGN_STYLE = Automatic;
				COMBINE_HIDPI_IMAGES = YES;
				CURRENT_PROJECT_VERSION = 1;
				DEVELOPMENT_ASSET_PATHS = "\"alfred-manager/Preview Content\"";
				DEVELOPMENT_TEAM = QVGYT9HZ7J;
				ENABLE_HARDENED_RUNTIME = YES;
				ENABLE_PREVIEWS = YES;
				GENERATE_INFOPLIST_FILE = YES;
				INFOPLIST_KEY_NSHumanReadableCopyright = "";
				LD_RUNPATH_SEARCH_PATHS = (
					"$(inherited)",
					"@executable_path/../Frameworks",
				);
				MARKETING_VERSION = 1.0;
				PRODUCT_BUNDLE_IDENTIFIER = "dev.jille.alfred-manager";
				PRODUCT_NAME = "$(TARGET_NAME)";
				SWIFT_EMIT_LOC_STRINGS = YES;
				SWIFT_VERSION = 5.0;
			};
			name = Release;
		};
		7BAFAD82294F727D00B2C10E /* Debug */ = {
			isa = XCBuildConfiguration;
			buildSettings = {
				ALWAYS_EMBED_SWIFT_STANDARD_LIBRARIES = YES;
				BUNDLE_LOADER = "$(TEST_HOST)";
				CODE_SIGN_STYLE = Automatic;
				CURRENT_PROJECT_VERSION = 1;
				DEVELOPMENT_TEAM = QVGYT9HZ7J;
				GENERATE_INFOPLIST_FILE = YES;
				MACOSX_DEPLOYMENT_TARGET = 13.0;
				MARKETING_VERSION = 1.0;
				PRODUCT_BUNDLE_IDENTIFIER = "dev.jille.alfred-managerTests";
				PRODUCT_NAME = "$(TARGET_NAME)";
				SWIFT_EMIT_LOC_STRINGS = NO;
				SWIFT_VERSION = 5.0;
				TEST_HOST = "$(BUILT_PRODUCTS_DIR)/alfred-manager.app/$(BUNDLE_EXECUTABLE_FOLDER_PATH)/alfred-manager";
			};
			name = Debug;
		};
		7BAFAD83294F727D00B2C10E /* Release */ = {
			isa = XCBuildConfiguration;
			buildSettings = {
				ALWAYS_EMBED_SWIFT_STANDARD_LIBRARIES = YES;
				BUNDLE_LOADER = "$(TEST_HOST)";
				CODE_SIGN_STYLE = Automatic;
				CURRENT_PROJECT_VERSION = 1;
				DEVELOPMENT_TEAM = QVGYT9HZ7J;
				GENERATE_INFOPLIST_FILE = YES;
				MACOSX_DEPLOYMENT_TARGET = 13.0;
				MARKETING_VERSION = 1.0;
				PRODUCT_BUNDLE_IDENTIFIER = "dev.jille.alfred-managerTests";
				PRODUCT_NAME = "$(TARGET_NAME)";
				SWIFT_EMIT_LOC_STRINGS = NO;
				SWIFT_VERSION = 5.0;
				TEST_HOST = "$(BUILT_PRODUCTS_DIR)/alfred-manager.app/$(BUNDLE_EXECUTABLE_FOLDER_PATH)/alfred-manager";
			};
			name = Release;
		};
		7BAFAD85294F727D00B2C10E /* Debug */ = {
			isa = XCBuildConfiguration;
			buildSettings = {
				ALWAYS_EMBED_SWIFT_STANDARD_LIBRARIES = YES;
				CODE_SIGN_STYLE = Automatic;
				CURRENT_PROJECT_VERSION = 1;
				DEVELOPMENT_TEAM = QVGYT9HZ7J;
				GENERATE_INFOPLIST_FILE = YES;
				MARKETING_VERSION = 1.0;
				PRODUCT_BUNDLE_IDENTIFIER = "dev.jille.alfred-managerUITests";
				PRODUCT_NAME = "$(TARGET_NAME)";
				SWIFT_EMIT_LOC_STRINGS = NO;
				SWIFT_VERSION = 5.0;
				TEST_TARGET_NAME = "alfred-manager";
			};
			name = Debug;
		};
		7BAFAD86294F727D00B2C10E /* Release */ = {
			isa = XCBuildConfiguration;
			buildSettings = {
				ALWAYS_EMBED_SWIFT_STANDARD_LIBRARIES = YES;
				CODE_SIGN_STYLE = Automatic;
				CURRENT_PROJECT_VERSION = 1;
				DEVELOPMENT_TEAM = QVGYT9HZ7J;
				GENERATE_INFOPLIST_FILE = YES;
				MARKETING_VERSION = 1.0;
				PRODUCT_BUNDLE_IDENTIFIER = "dev.jille.alfred-managerUITests";
				PRODUCT_NAME = "$(TARGET_NAME)";
				SWIFT_EMIT_LOC_STRINGS = NO;
				SWIFT_VERSION = 5.0;
				TEST_TARGET_NAME = "alfred-manager";
			};
			name = Release;
		};
/* End XCBuildConfiguration section */

/* Begin XCConfigurationList section */
		7BAFAD54294F727C00B2C10E /* Build configuration list for PBXProject "alfred-manager" */ = {
			isa = XCConfigurationList;
			buildConfigurations = (
				7BAFAD7C294F727D00B2C10E /* Debug */,
				7BAFAD7D294F727D00B2C10E /* Release */,
			);
			defaultConfigurationIsVisible = 0;
			defaultConfigurationName = Release;
		};
		7BAFAD7E294F727D00B2C10E /* Build configuration list for PBXNativeTarget "alfred-manager" */ = {
			isa = XCConfigurationList;
			buildConfigurations = (
				7BAFAD7F294F727D00B2C10E /* Debug */,
				7BAFAD80294F727D00B2C10E /* Release */,
			);
			defaultConfigurationIsVisible = 0;
			defaultConfigurationName = Release;
		};
		7BAFAD81294F727D00B2C10E /* Build configuration list for PBXNativeTarget "alfred-managerTests" */ = {
			isa = XCConfigurationList;
			buildConfigurations = (
				7BAFAD82294F727D00B2C10E /* Debug */,
				7BAFAD83294F727D00B2C10E /* Release */,
			);
			defaultConfigurationIsVisible = 0;
			defaultConfigurationName = Release;
		};
		7BAFAD84294F727D00B2C10E /* Build configuration list for PBXNativeTarget "alfred-managerUITests" */ = {
			isa = XCConfigurationList;
			buildConfigurations = (
				7BAFAD85294F727D00B2C10E /* Debug */,
				7BAFAD86294F727D00B2C10E /* Release */,
			);
			defaultConfigurationIsVisible = 0;
			defaultConfigurationName = Release;
		};
/* End XCConfigurationList section */

/* Begin XCRemoteSwiftPackageReference section */
		7BAFAD87294F753B00B2C10E /* XCRemoteSwiftPackageReference "Factory" */ = {
			isa = XCRemoteSwiftPackageReference;
			repositoryURL = "https://github.com/hmlongco/Factory";
			requirement = {
				kind = upToNextMajorVersion;
				minimumVersion = 1.0.0;
			};
		};
/* End XCRemoteSwiftPackageReference section */

/* Begin XCSwiftPackageProductDependency section */
		7BAFAD88294F753B00B2C10E /* Factory */ = {
			isa = XCSwiftPackageProductDependency;
			package = 7BAFAD87294F753B00B2C10E /* XCRemoteSwiftPackageReference "Factory" */;
			productName = Factory;
		};
/* End XCSwiftPackageProductDependency section */
	};
	rootObject = 7BAFAD51294F727C00B2C10E /* Project object */;
}
